
Microsoft Visual Studio Solution File, Format Version 12.00
# Visual Studio Version 17
VisualStudioVersion = 17.1.32210.238
MinimumVisualStudioVersion = 10.0.40219.1
Project("{FAE04EC0-301F-11D3-BF4B-00C04F79EFBC}") = "ConsoleApp8", "ConsoleApp8\ConsoleApp8.csproj", "{AC1C093A-6A5E-488C-8E47-658A8CF663DF}"
EndProject
Global
	GlobalSection(SolutionConfigurationPlatforms) = preSolution
		Debug|Any CPU = Debug|Any CPU
		Release|Any CPU = Release|Any CPU
	EndGlobalSection
	GlobalSection(ProjectConfigurationPlatforms) = postSolution
		{AC1C093A-6A5E-488C-8E47-658A8CF663DF}.Debug|Any CPU.ActiveCfg = Debug|Any CPU
		{AC1C093A-6A5E-488C-8E47-658A8CF663DF}.Debug|Any CPU.Build.0 = Debug|Any CPU
		{AC1C093A-6A5E-488C-8E47-658A8CF663DF}.Release|Any CPU.ActiveCfg = Release|Any CPU
		{AC1C093A-6A5E-488C-8E47-658A8CF663DF}.Release|Any CPU.Build.0 = Release|Any CPU
	EndGlobalSection
	GlobalSection(SolutionProperties) = preSolution
		HideSolutionNode = FALSE
	EndGlobalSection
	GlobalSection(ExtensibilityGlobals) = postSolution
		SolutionGuid = {C30C6A70-CCDA-4266-9821-D2CCD886A0DF}
	EndGlobalSection
EndGlobal
